
Microsoft Visual Studio Solution File, Format Version 12.00
# Visual Studio Version 16
VisualStudioVersion = 16.0.29920.165
MinimumVisualStudioVersion = 10.0.40219.1
Project("{FAE04EC0-301F-11D3-BF4B-00C04F79EFBC}") = "LED-GUI", "VU-Meter\LED-GUI.csproj", "{B7310B21-1306-4C2C-A561-F4F0DB48C20D}"
EndProject
Global
	GlobalSection(SolutionConfigurationPlatforms) = preSolution
		Debug|Any CPU = Debug|Any CPU
		Release|Any CPU = Release|Any CPU
	EndGlobalSection
	GlobalSection(ProjectConfigurationPlatforms) = postSolution
		{B7310B21-1306-4C2C-A561-F4F0DB48C20D}.Debug|Any CPU.ActiveCfg = Debug|Any CPU
		{B7310B21-1306-4C2C-A561-F4F0DB48C20D}.Debug|Any CPU.Build.0 = Debug|Any CPU
		{B7310B21-1306-4C2C-A561-F4F0DB48C20D}.Release|Any CPU.ActiveCfg = Release|Any CPU
		{B7310B21-1306-4C2C-A561-F4F0DB48C20D}.Release|Any CPU.Build.0 = Release|Any CPU
	EndGlobalSection
	GlobalSection(SolutionProperties) = preSolution
		HideSolutionNode = FALSE
	EndGlobalSection
	GlobalSection(ExtensibilityGlobals) = postSolution
		SolutionGuid = {C320956C-A27B-4D60-8472-3B962E402268}
	EndGlobalSection
EndGlobal
